
Microsoft Visual Studio Solution File, Format Version 12.00
# Visual Studio Version 17
VisualStudioVersion = 17.4.33122.133
MinimumVisualStudioVersion = 10.0.40219.1
Project("{9A19103F-16F7-4668-BE54-9A1E7A4F7556}") = "PetCare.UI", "PetCare\PetCare.UI.csproj", "{609EB5EE-5424-4396-A9E8-F17C5B3D2891}"
EndProject
Project("{FAE04EC0-301F-11D3-BF4B-00C04F79EFBC}") = "PetCare.API", "PetCare.API\PetCare.API.csproj", "{2D653598-9310-4FF0-9956-C4330B7A001F}"
EndProject
Global
	GlobalSection(SolutionConfigurationPlatforms) = preSolution
		Debug|Any CPU = Debug|Any CPU
		Release|Any CPU = Release|Any CPU
	EndGlobalSection
	GlobalSection(ProjectConfigurationPlatforms) = postSolution
		{609EB5EE-5424-4396-A9E8-F17C5B3D2891}.Debug|Any CPU.ActiveCfg = Debug|Any CPU
		{609EB5EE-5424-4396-A9E8-F17C5B3D2891}.Debug|Any CPU.Build.0 = Debug|Any CPU
		{609EB5EE-5424-4396-A9E8-F17C5B3D2891}.Release|Any CPU.ActiveCfg = Release|Any CPU
		{609EB5EE-5424-4396-A9E8-F17C5B3D2891}.Release|Any CPU.Build.0 = Release|Any CPU
		{2D653598-9310-4FF0-9956-C4330B7A001F}.Debug|Any CPU.ActiveCfg = Debug|Any CPU
		{2D653598-9310-4FF0-9956-C4330B7A001F}.Debug|Any CPU.Build.0 = Debug|Any CPU
		{2D653598-9310-4FF0-9956-C4330B7A001F}.Release|Any CPU.ActiveCfg = Release|Any CPU
		{2D653598-9310-4FF0-9956-C4330B7A001F}.Release|Any CPU.Build.0 = Release|Any CPU
	EndGlobalSection
	GlobalSection(SolutionProperties) = preSolution
		HideSolutionNode = FALSE
	EndGlobalSection
	GlobalSection(ExtensibilityGlobals) = postSolution
		SolutionGuid = {EB308110-E951-4201-AEA0-78728C3542DA}
	EndGlobalSection
EndGlobal
